
Microsoft Visual Studio Solution File, Format Version 12.00
# Visual Studio Version 17
VisualStudioVersion = 17.1.32210.238
MinimumVisualStudioVersion = 10.0.40219.1
Project("{FAE04EC0-301F-11D3-BF4B-00C04F79EFBC}") = "TheRealWebApp", "TheRealWebApp\TheRealWebApp.csproj", "{BFF0F5E0-149E-4CEE-8502-774B115A07E2}"
EndProject
Global
	GlobalSection(SolutionConfigurationPlatforms) = preSolution
		Debug|Any CPU = Debug|Any CPU
		Release|Any CPU = Release|Any CPU
	EndGlobalSection
	GlobalSection(ProjectConfigurationPlatforms) = postSolution
		{BFF0F5E0-149E-4CEE-8502-774B115A07E2}.Debug|Any CPU.ActiveCfg = Debug|Any CPU
		{BFF0F5E0-149E-4CEE-8502-774B115A07E2}.Debug|Any CPU.Build.0 = Debug|Any CPU
		{BFF0F5E0-149E-4CEE-8502-774B115A07E2}.Release|Any CPU.ActiveCfg = Release|Any CPU
		{BFF0F5E0-149E-4CEE-8502-774B115A07E2}.Release|Any CPU.Build.0 = Release|Any CPU
	EndGlobalSection
	GlobalSection(SolutionProperties) = preSolution
		HideSolutionNode = FALSE
	EndGlobalSection
	GlobalSection(ExtensibilityGlobals) = postSolution
		SolutionGuid = {303BA402-75D6-402C-9D76-C62E38DF279B}
	EndGlobalSection
EndGlobal
